// !$*UTF8*$!
{
	archiveVersion = 1;
	classes = {
	};
	objectVersion = 46;
	objects = {

/* Begin PBXBuildFile section */
		EB6DEA5A1D7CACDE0077668B /* InteractiveStory.swift in Sources */ = {isa = PBXBuildFile; fileRef = EB6DEA591D7CACDE0077668B /* InteractiveStory.swift */; };
		EB83BB9A1D73A68800E19ADF /* AppDelegate.swift in Sources */ = {isa = PBXBuildFile; fileRef = EB83BB991D73A68800E19ADF /* AppDelegate.swift */; };
		EB83BB9C1D73A68800E19ADF /* ViewController.swift in Sources */ = {isa = PBXBuildFile; fileRef = EB83BB9B1D73A68800E19ADF /* ViewController.swift */; };
		EB83BB9F1D73A68800E19ADF /* Main.storyboard in Resources */ = {isa = PBXBuildFile; fileRef = EB83BB9D1D73A68800E19ADF /* Main.storyboard */; };
		EB83BBA11D73A68800E19ADF /* Assets.xcassets in Resources */ = {isa = PBXBuildFile; fileRef = EB83BBA01D73A68800E19ADF /* Assets.xcassets */; };
		EB83BBA41D73A68800E19ADF /* LaunchScreen.storyboard in Resources */ = {isa = PBXBuildFile; fileRef = EB83BBA21D73A68800E19ADF /* LaunchScreen.storyboard */; };
		EBE66DE21D7E7D050061510E /* PageController.swift in Sources */ = {isa = PBXBuildFile; fileRef = EBE66DE11D7E7D050061510E /* PageController.swift */; };
/* End PBXBuildFile section */

/* Begin PBXFileReference section */
		EB6DEA591D7CACDE0077668B /* InteractiveStory.swift */ = {isa = PBXFileReference; fileEncoding = 4; lastKnownFileType = sourcecode.swift; name = InteractiveStory.swift; path = ../InteractiveStory.swift; sourceTree = "<group>"; };
		EB83BB961D73A68800E19ADF /* InteractiveStory2.app */ = {isa = PBXFileReference; explicitFileType = wrapper.application; includeInIndex = 0; path = InteractiveStory2.app; sourceTree = BUILT_PRODUCTS_DIR; };
		EB83BB991D73A68800E19ADF /* AppDelegate.swift */ = {isa = PBXFileReference; lastKnownFileType = sourcecode.swift; path = AppDelegate.swift; sourceTree = "<group>"; };
		EB83BB9B1D73A68800E19ADF /* ViewController.swift */ = {isa = PBXFileReference; lastKnownFileType = sourcecode.swift; path = ViewController.swift; sourceTree = "<group>"; };
		EB83BB9E1D73A68800E19ADF /* Base */ = {isa = PBXFileReference; lastKnownFileType = file.storyboard; name = Base; path = Base.lproj/Main.storyboard; sourceTree = "<group>"; };
		EB83BBA01D73A68800E19ADF /* Assets.xcassets */ = {isa = PBXFileReference; lastKnownFileType = folder.assetcatalog; path = Assets.xcassets; sourceTree = "<group>"; };
		EB83BBA31D73A68800E19ADF /* Base */ = {isa = PBXFileReference; lastKnownFileType = file.storyboard; name = Base; path = Base.lproj/LaunchScreen.storyboard; sourceTree = "<group>"; };
		EB83BBA51D73A68800E19ADF /* Info.plist */ = {isa = PBXFileReference; lastKnownFileType = text.plist.xml; path = Info.plist; sourceTree = "<group>"; };
		EBE66DE11D7E7D050061510E /* PageController.swift */ = {isa = PBXFileReference; fileEncoding = 4; lastKnownFileType = sourcecode.swift; path = PageController.swift; sourceTree = "<group>"; };
/* End PBXFileReference section */

/* Begin PBXFrameworksBuildPhase section */
		EB83BB931D73A68700E19ADF /* Frameworks */ = {
			isa = PBXFrameworksBuildPhase;
			buildActionMask = 2147483647;
			files = (
			);
			runOnlyForDeploymentPostprocessing = 0;
		};
/* End PBXFrameworksBuildPhase section */

/* Begin PBXGroup section */
		EB83BB8D1D73A68700E19ADF = {
			isa = PBXGroup;
			children = (
				EB83BB981D73A68800E19ADF /* InteractiveStory2 */,
				EB83BB971D73A68800E19ADF /* Products */,
			);
			sourceTree = "<group>";
		};
		EB83BB971D73A68800E19ADF /* Products */ = {
			isa = PBXGroup;
			children = (
				EB83BB961D73A68800E19ADF /* InteractiveStory2.app */,
			);
			name = Products;
			sourceTree = "<group>";
		};
		EB83BB981D73A68800E19ADF /* InteractiveStory2 */ = {
			isa = PBXGroup;
			children = (
				EB83BB991D73A68800E19ADF /* AppDelegate.swift */,
				EB83BB9B1D73A68800E19ADF /* ViewController.swift */,
				EB6DEA591D7CACDE0077668B /* InteractiveStory.swift */,
				EBE66DE11D7E7D050061510E /* PageController.swift */,
				EB83BB9D1D73A68800E19ADF /* Main.storyboard */,
				EB83BBA01D73A68800E19ADF /* Assets.xcassets */,
				EB83BBA21D73A68800E19ADF /* LaunchScreen.storyboard */,
				EB83BBA51D73A68800E19ADF /* Info.plist */,
			);
			path = InteractiveStory2;
			sourceTree = "<group>";
		};
/* End PBXGroup section */

/* Begin PBXNativeTarget section */
		EB83BB951D73A68700E19ADF /* InteractiveStory2 */ = {
			isa = PBXNativeTarget;
			buildConfigurationList = EB83BBA81D73A68800E19ADF /* Build configuration list for PBXNativeTarget "InteractiveStory2" */;
			buildPhases = (
				EB83BB921D73A68700E19ADF /* Sources */,
				EB83BB931D73A68700E19ADF /* Frameworks */,
				EB83BB941D73A68700E19ADF /* Resources */,
			);
			buildRules = (
			);
			dependencies = (
			);
			name = InteractiveStory2;
			productName = InteractiveStory2;
			productReference = EB83BB961D73A68800E19ADF /* InteractiveStory2.app */;
			productType = "com.apple.product-type.application";
		};
/* End PBXNativeTarget section */

/* Begin PBXProject section */
		EB83BB8E1D73A68700E19ADF /* Project object */ = {
			isa = PBXProject;
			attributes = {
				LastSwiftUpdateCheck = 0800;
				LastUpgradeCheck = 0800;
				ORGANIZATIONNAME = "Ben Shockley";
				TargetAttributes = {
					EB83BB951D73A68700E19ADF = {
						CreatedOnToolsVersion = 8.0;
						DevelopmentTeam = M2E574EG2U;
						ProvisioningStyle = Automatic;
					};
				};
			};
			buildConfigurationList = EB83BB911D73A68700E19ADF /* Build configuration list for PBXProject "InteractiveStory2" */;
			compatibilityVersion = "Xcode 3.2";
			developmentRegion = English;
			hasScannedForEncodings = 0;
			knownRegions = (
				en,
				Base,
			);
			mainGroup = EB83BB8D1D73A68700E19ADF;
			productRefGroup = EB83BB971D73A68800E19ADF /* Products */;
			projectDirPath = "";
			projectRoot = "";
			targets = (
				EB83BB951D73A68700E19ADF /* InteractiveStory2 */,
			);
		};
/* End PBXProject section */

/* Begin PBXResourcesBuildPhase section */
		EB83BB941D73A68700E19ADF /* Resources */ = {
			isa = PBXResourcesBuildPhase;
			buildActionMask = 2147483647;
			files = (
				EB83BBA41D73A68800E19ADF /* LaunchScreen.storyboard in Resources */,
				EB83BBA11D73A68800E19ADF /* Assets.xcassets in Resources */,
				EB83BB9F1D73A68800E19ADF /* Main.storyboard in Resources */,
			);
			runOnlyForDeploymentPostprocessing = 0;
		};
/* End PBXResourcesBuildPhase section */

/* Begin PBXSourcesBuildPhase section */
		EB83BB921D73A68700E19ADF /* Sources */ = {
			isa = PBXSourcesBuildPhase;
			buildActionMask = 2147483647;
			files = (
				EBE66DE21D7E7D050061510E /* PageController.swift in Sources */,
				EB6DEA5A1D7CACDE0077668B /* InteractiveStory.swift in Sources */,
				EB83BB9C1D73A68800E19ADF /* ViewController.swift in Sources */,
				EB83BB9A1D73A68800E19ADF /* AppDelegate.swift in Sources */,
			);
			runOnlyForDeploymentPostprocessing = 0;
		};
/* End PBXSourcesBuildPhase section */

/* Begin PBXVariantGroup section */
		EB83BB9D1D73A68800E19ADF /* Main.storyboard */ = {
			isa = PBXVariantGroup;
			children = (
				EB83BB9E1D73A68800E19ADF /* Base */,
			);
			name = Main.storyboard;
			sourceTree = "<group>";
		};
		EB83BBA21D73A68800E19ADF /* LaunchScreen.storyboard */ = {
			isa = PBXVariantGroup;
			children = (
				EB83BBA31D73A68800E19ADF /* Base */,
			);
			name = LaunchScreen.storyboard;
			sourceTree = "<group>";
		};
/* End PBXVariantGroup section */

/* Begin XCBuildConfiguration section */
		EB83BBA61D73A68800E19ADF /* Debug */ = {
			isa = XCBuildConfiguration;
			buildSettings = {
				ALWAYS_SEARCH_USER_PATHS = NO;
				CLANG_ANALYZER_NONNULL = YES;
				CLANG_CXX_LANGUAGE_STANDARD = "gnu++0x";
				CLANG_CXX_LIBRARY = "libc++";
				CLANG_ENABLE_MODULES = YES;
				CLANG_ENABLE_OBJC_ARC = YES;
				CLANG_WARN_BOOL_CONVERSION = YES;
				CLANG_WARN_CONSTANT_CONVERSION = YES;
				CLANG_WARN_DIRECT_OBJC_ISA_USAGE = YES_ERROR;
				CLANG_WARN_DOCUMENTATION_COMMENTS = YES;
				CLANG_WARN_EMPTY_BODY = YES;
				CLANG_WARN_ENUM_CONVERSION = YES;
				CLANG_WARN_INFINITE_RECURSION = YES;
				CLANG_WARN_INT_CONVERSION = YES;
				CLANG_WARN_OBJC_ROOT_CLASS = YES_ERROR;
				CLANG_WARN_SUSPICIOUS_MOVES = YES;
				CLANG_WARN_UNREACHABLE_CODE = YES;
				CLANG_WARN__DUPLICATE_METHOD_MATCH = YES;
				"CODE_SIGN_IDENTITY[sdk=iphoneos*]" = "iPhone Developer";
				COPY_PHASE_STRIP = NO;
				DEBUG_INFORMATION_FORMAT = dwarf;
				ENABLE_STRICT_OBJC_MSGSEND = YES;
				ENABLE_TESTABILITY = YES;
				GCC_C_LANGUAGE_STANDARD = gnu99;
				GCC_DYNAMIC_NO_PIC = NO;
				GCC_NO_COMMON_BLOCKS = YES;
				GCC_OPTIMIZATION_LEVEL = 0;
				GCC_PREPROCESSOR_DEFINITIONS = (
					"DEBUG=1",
					"$(inherited)",
				);
				GCC_WARN_64_TO_32_BIT_CONVERSION = YES;
				GCC_WARN_ABOUT_RETURN_TYPE = YES_ERROR;
				GCC_WARN_UNDECLARED_SELECTOR = YES;
				GCC_WARN_UNINITIALIZED_AUTOS = YES_AGGRESSIVE;
				GCC_WARN_UNUSED_FUNCTION = YES;
				GCC_WARN_UNUSED_VARIABLE = YES;
				IPHONEOS_DEPLOYMENT_TARGET = 10.0;
				MTL_ENABLE_DEBUG_INFO = YES;
				ONLY_ACTIVE_ARCH = YES;
				SDKROOT = iphoneos;
				SWIFT_ACTIVE_COMPILATION_CONDITIONS = DEBUG;
				SWIFT_OPTIMIZATION_LEVEL = "-Onone";
			};
			name = Debug;
		};
		EB83BBA71D73A68800E19ADF /* Release */ = {
			isa = XCBuildConfiguration;
			buildSettings = {
				ALWAYS_SEARCH_USER_PATHS = NO;
				CLANG_ANALYZER_NONNULL = YES;
				CLANG_CXX_LANGUAGE_STANDARD = "gnu++0x";
				CLANG_CXX_LIBRARY = "libc++";
				CLANG_ENABLE_MODULES = YES;
				CLANG_ENABLE_OBJC_ARC = YES;
				CLANG_WARN_BOOL_CONVERSION = YES;
				CLANG_WARN_CONSTANT_CONVERSION = YES;
				CLANG_WARN_DIRECT_OBJC_ISA_USAGE = YES_ERROR;
				CLANG_WARN_DOCUMENTATION_COMMENTS = YES;
				CLANG_WARN_EMPTY_BODY = YES;
				CLANG_WARN_ENUM_CONVERSION = YES;
				CLANG_WARN_INFINITE_RECURSION = YES;
				CLANG_WARN_INT_CONVERSION = YES;
				CLANG_WARN_OBJC_ROOT_CLASS = YES_ERROR;
				CLANG_WARN_SUSPICIOUS_MOVES = YES;
				CLANG_WARN_UNREACHABLE_CODE = YES;
				CLANG_WARN__DUPLICATE_METHOD_MATCH = YES;
				"CODE_SIGN_IDENTITY[sdk=iphoneos*]" = "iPhone Developer";
				COPY_PHASE_STRIP = NO;
				DEBUG_INFORMATION_FORMAT = "dwarf-with-dsym";
				ENABLE_NS_ASSERTIONS = NO;
				ENABLE_STRICT_OBJC_MSGSEND = YES;
				GCC_C_LANGUAGE_STANDARD = gnu99;
				GCC_NO_COMMON_BLOCKS = YES;
				GCC_WARN_64_TO_32_BIT_CONVERSION = YES;
				GCC_WARN_ABOUT_RETURN_TYPE = YES_ERROR;
				GCC_WARN_UNDECLARED_SELECTOR = YES;
				GCC_WARN_UNINITIALIZED_AUTOS = YES_AGGRESSIVE;
				GCC_WARN_UNUSED_FUNCTION = YES;
				GCC_WARN_UNUSED_VARIABLE = YES;
				IPHONEOS_DEPLOYMENT_TARGET = 10.0;
				MTL_ENABLE_DEBUG_INFO = NO;
				SDKROOT = iphoneos;
				SWIFT_OPTIMIZATION_LEVEL = "-Owholemodule";
				VALIDATE_PRODUCT = YES;
			};
			name = Release;
		};
		EB83BBA91D73A68800E19ADF /* Debug */ = {
			isa = XCBuildConfiguration;
			buildSettings = {
				ASSETCATALOG_COMPILER_APPICON_NAME = AppIcon;
				DEVELOPMENT_TEAM = M2E574EG2U;
				INFOPLIST_FILE = InteractiveStory2/Info.plist;
				LD_RUNPATH_SEARCH_PATHS = "$(inherited) @executable_path/Frameworks";
				PRODUCT_BUNDLE_IDENTIFIER = com.shockedstudios.InteractiveStory2;
				PRODUCT_NAME = "$(TARGET_NAME)";
				SWIFT_VERSION = 3.0;
			};
			name = Debug;
		};
		EB83BBAA1D73A68800E19ADF /* Release */ = {
			isa = XCBuildConfiguration;
			buildSettings = {
				ASSETCATALOG_COMPILER_APPICON_NAME = AppIcon;
				DEVELOPMENT_TEAM = M2E574EG2U;
				INFOPLIST_FILE = InteractiveStory2/Info.plist;
				LD_RUNPATH_SEARCH_PATHS = "$(inherited) @executable_path/Frameworks";
				PRODUCT_BUNDLE_IDENTIFIER = com.shockedstudios.InteractiveStory2;
				PRODUCT_NAME = "$(TARGET_NAME)";
				SWIFT_VERSION = 3.0;
			};
			name = Release;
		};
/* End XCBuildConfiguration section */

/* Begin XCConfigurationList section */
		EB83BB911D73A68700E19ADF /* Build configuration list for PBXProject "InteractiveStory2" */ = {
			isa = XCConfigurationList;
			buildConfigurations = (
				EB83BBA61D73A68800E19ADF /* Debug */,
				EB83BBA71D73A68800E19ADF /* Release */,
			);
			defaultConfigurationIsVisible = 0;
			defaultConfigurationName = Release;
		};
		EB83BBA81D73A68800E19ADF /* Build configuration list for PBXNativeTarget "InteractiveStory2" */ = {
			isa = XCConfigurationList;
			buildConfigurations = (
				EB83BBA91D73A68800E19ADF /* Debug */,
				EB83BBAA1D73A68800E19ADF /* Release */,
			);
			defaultConfigurationIsVisible = 0;
			defaultConfigurationName = Release;
		};
/* End XCConfigurationList section */
	};
	rootObject = EB83BB8E1D73A68700E19ADF /* Project object */;
}
